# THIS IS AN AUTOGENERATED FILE. DO NOT EDIT THIS FILE DIRECTLY.
# yarn lockfile v1


"@architect/functions@^3.14.1":
  version "3.14.1"
  resolved "https://registry.yarnpkg.com/@architect/functions/-/functions-3.14.1.tgz#61114019f390eb5059b2d83868a8fdc96b09ca35"
  integrity sha512-YSUfPVAHnJRLhieFPTvHsekTjsgJO1xnihYge/i7lee5raxV706kUZGoPjssE61p3bxhQyNb0k4lXKK1MpaNsg==
  dependencies:
    aws-serverless-express "^3.3.8"
    cookie "^0.4.1"
    cookie-signature "^1.1.0"
    csrf "^3.1.0"
    mime-types "^2.1.27"
    node-webtokens "^1.0.4"
    run-parallel "^1.1.10"
    run-waterfall "^1.1.7"
    uid-safe "^2.1.5"

"@vendia/serverless-express@^3.4.0":
  version "3.4.0"
  resolved "https://registry.yarnpkg.com/@vendia/serverless-express/-/serverless-express-3.4.0.tgz#156f47d364b067ae6fa678a914c51887f494321a"
  integrity sha512-/UAAbi9qRjUtjRISt5MJ1sfhtrHb26hqQ0nvE5qhMLsAdR5H7ErBwPD8Q/v2OENKm0iWsGwErIZEg7ebUeFDjQ==
  dependencies:
    binary-case "^1.0.0"
    type-is "^1.6.16"

aws-serverless-express@^3.3.8:
  version "3.4.0"
  resolved "https://registry.yarnpkg.com/aws-serverless-express/-/aws-serverless-express-3.4.0.tgz#74153b8cc80dbd2c6a32a51e6d353a325c2710d7"
  integrity sha512-YG9ZjAOI9OpwqDDWzkRc3kKJYJuR7gTMjLa3kAWopO17myoprxskCUyCEee+RKe34tcR4UNrVtgAwW5yDe74bw==
  dependencies:
    "@vendia/serverless-express" "^3.4.0"
    binary-case "^1.0.0"
    type-is "^1.6.16"

binary-case@^1.0.0:
  version "1.1.4"
  resolved "https://registry.yarnpkg.com/binary-case/-/binary-case-1.1.4.tgz#d687104d59e38f2b9e658d3a58936963c59ab931"
  integrity sha512-9Kq8m6NZTAgy05Ryuh7U3Qc4/ujLQU1AZ5vMw4cr3igTdi5itZC6kCNrRr2X8NzPiDn2oUIFTfa71DKMnue/Zg==

cookie-signature@^1.1.0:
  version "1.1.0"
  resolved "https://registry.yarnpkg.com/cookie-signature/-/cookie-signature-1.1.0.tgz#cc94974f91fb9a9c1bb485e95fc2b7f4b120aff2"
  integrity sha512-Alvs19Vgq07eunykd3Xy2jF0/qSNv2u7KDbAek9H5liV1UMijbqFs5cycZvv5dVsvseT/U4H8/7/w8Koh35C4A==

cookie@^0.4.1:
  version "0.4.1"
  resolved "https://registry.yarnpkg.com/cookie/-/cookie-0.4.1.tgz#afd713fe26ebd21ba95ceb61f9a8116e50a537d1"
  integrity sha512-ZwrFkGJxUR3EIoXtO+yVE69Eb7KlixbaeAWfBQB9vVsNn/o+Yw69gBWSSDK825hQNdN+wF8zELf3dFNl/kxkUA==

csrf@^3.1.0:
  version "3.1.0"
  resolved "https://registry.yarnpkg.com/csrf/-/csrf-3.1.0.tgz#ec75e9656d004d674b8ef5ba47b41fbfd6cb9c30"
  integrity sha512-uTqEnCvWRk042asU6JtapDTcJeeailFy4ydOQS28bj1hcLnYRiqi8SsD2jS412AY1I/4qdOwWZun774iqywf9w==
  dependencies:
    rndm "1.2.0"
    tsscmp "1.0.6"
    uid-safe "2.1.5"

media-typer@0.3.0:
  version "0.3.0"
  resolved "https://registry.yarnpkg.com/media-typer/-/media-typer-0.3.0.tgz#8710d7af0aa626f8fffa1ce00168545263255748"
  integrity sha1-hxDXrwqmJvj/+hzgAWhUUmMlV0g=

mime-db@1.47.0:
  version "1.47.0"
  resolved "https://registry.yarnpkg.com/mime-db/-/mime-db-1.47.0.tgz#8cb313e59965d3c05cfbf898915a267af46a335c"
  integrity sha512-QBmA/G2y+IfeS4oktet3qRZ+P5kPhCKRXxXnQEudYqUaEioAU1/Lq2us3D/t1Jfo4hE9REQPrbB7K5sOczJVIw==

mime-types@^2.1.27, mime-types@~2.1.24:
  version "2.1.30"
  resolved "https://registry.yarnpkg.com/mime-types/-/mime-types-2.1.30.tgz#6e7be8b4c479825f85ed6326695db73f9305d62d"
  integrity sha512-crmjA4bLtR8m9qLpHvgxSChT+XoSlZi8J4n/aIdn3z92e/U47Z0V/yl+Wh9W046GgFVAmoNR/fmdbZYcSSIUeg==
  dependencies:
    mime-db "1.47.0"

node-webtokens@^1.0.4:
  version "1.0.4"
  resolved "https://registry.yarnpkg.com/node-webtokens/-/node-webtokens-1.0.4.tgz#e0e1c832fa3f69bbba2a15aca1a94d3b8af26263"
  integrity sha512-Sla56CeSLWvPbwud2kogqf5edQtKNXZBtXDDpmOzAgNZjwETbK/Am6PXfs54iZPLBm8K8amZ9XWaCQwGqZmKyQ==

queue-microtask@^1.2.2:
  version "1.2.3"
  resolved "https://registry.yarnpkg.com/queue-microtask/-/queue-microtask-1.2.3.tgz#4929228bbc724dfac43e0efb058caf7b6cfb6243"
  integrity sha512-NuaNSa6flKT5JaSYQzJok04JzTL1CA6aGhv5rfLW3PgqA+M2ChpZQnAC8h8i4ZFkBS8X5RqkDBHA7r4hej3K9A==

random-bytes@~1.0.0:
  version "1.0.0"
  resolved "https://registry.yarnpkg.com/random-bytes/-/random-bytes-1.0.0.tgz#4f68a1dc0ae58bd3fb95848c30324db75d64360b"
  integrity sha1-T2ih3Arli9P7lYSMMDJNt11kNgs=

rndm@1.2.0:
  version "1.2.0"
  resolved "https://registry.yarnpkg.com/rndm/-/rndm-1.2.0.tgz#f33fe9cfb52bbfd520aa18323bc65db110a1b76c"
  integrity sha1-8z/pz7Urv9UgqhgyO8ZdsRCht2w=

run-parallel@^1.1.10:
  version "1.2.0"
  resolved "https://registry.yarnpkg.com/run-parallel/-/run-parallel-1.2.0.tgz#66d1368da7bdf921eb9d95bd1a9229e7f21a43ee"
  integrity sha512-5l4VyZR86LZ/lDxZTR6jqL8AFE2S0IFLMP26AbjsLVADxHdhB/c0GUsH+y39UfCi3dzz8OlQuPmnaJOMoDHQBA==
  dependencies:
    queue-microtask "^1.2.2"

run-waterfall@^1.1.7:
  version "1.1.7"
  resolved "https://registry.yarnpkg.com/run-waterfall/-/run-waterfall-1.1.7.tgz#ae368b549b2f5171f86c2924492cab3352a6e9c5"
  integrity sha512-iFPgh7SatHXOG1ClcpdwHI63geV3Hc/iL6crGSyBlH2PY7Rm/za+zoKz6FfY/Qlw5K7JwSol8pseO8fN6CMhhQ==

tsscmp@1.0.6:
  version "1.0.6"
  resolved "https://registry.yarnpkg.com/tsscmp/-/tsscmp-1.0.6.tgz#85b99583ac3589ec4bfef825b5000aa911d605eb"
  integrity sha512-LxhtAkPDTkVCMQjt2h6eBVY28KCjikZqZfMcC15YBeNjkgUpdCfBu5HoiOTDu86v6smE8yOjyEktJ8hlbANHQA==

type-is@^1.6.16:
  version "1.6.18"
  resolved "https://registry.yarnpkg.com/type-is/-/type-is-1.6.18.tgz#4e552cd05df09467dcbc4ef739de89f2cf37c131"
  integrity sha512-TkRKr9sUTxEH8MdfuCSP7VizJyzRNMjj2J2do2Jr3Kym598JVdEksuzPQCnlFPW4ky9Q+iA+ma9BGm06XQBy8g==
  dependencies:
    media-typer "0.3.0"
    mime-types "~2.1.24"

uid-safe@2.1.5, uid-safe@^2.1.5:
  version "2.1.5"
  resolved "https://registry.yarnpkg.com/uid-safe/-/uid-safe-2.1.5.tgz#2b3d5c7240e8fc2e58f8aa269e5ee49c0857bd3a"
  integrity sha512-KPHm4VL5dDXKz01UuEd88Df+KzynaohSL9fBh096KWAxSKZQDI2uBrVqtvRM4rwrIrRRKsdLNML/lnaaVSRioA==
  dependencies:
    random-bytes "~1.0.0"
